
Microsoft Visual Studio Solution File, Format Version 12.00
# Visual Studio Version 16
VisualStudioVersion = 16.0.29806.167
MinimumVisualStudioVersion = 10.0.40219.1
Project("{2150E333-8FDC-42A3-9474-1A3956D46DE8}") = "Microservices", "Microservices", "{AAEB1B76-BD62-4BC7-8F63-38D369D063AD}"
EndProject
Project("{2150E333-8FDC-42A3-9474-1A3956D46DE8}") = "Domain", "Domain", "{2EEA8B43-41CD-4D74-90BA-E1434AF40B12}"
EndProject
Project("{2150E333-8FDC-42A3-9474-1A3956D46DE8}") = "Infra.Bus", "Infra.Bus", "{E0B54CC7-8238-4DC3-B688-F99244BB805B}"
EndProject
Project("{2150E333-8FDC-42A3-9474-1A3956D46DE8}") = "Infra.IoC", "Infra.IoC", "{985EB80E-3BAA-4EFF-AAFD-312611300CCA}"
EndProject
Project("{2150E333-8FDC-42A3-9474-1A3956D46DE8}") = "Presentation", "Presentation", "{DE73091C-38B6-4BC8-8958-05C6B80EA47D}"
EndProject
Project("{FAE04EC0-301F-11D3-BF4B-00C04F79EFBC}") = "MicroRabbit.Domain.Core", "MicroRabbit.Domain.Core\MicroRabbit.Domain.Core.csproj", "{5EA70522-89B0-47F0-9B70-FED1404ADCA9}"
EndProject
Global
	GlobalSection(SolutionConfigurationPlatforms) = preSolution
		Debug|Any CPU = Debug|Any CPU
		Release|Any CPU = Release|Any CPU
	EndGlobalSection
	GlobalSection(ProjectConfigurationPlatforms) = postSolution
		{5EA70522-89B0-47F0-9B70-FED1404ADCA9}.Debug|Any CPU.ActiveCfg = Debug|Any CPU
		{5EA70522-89B0-47F0-9B70-FED1404ADCA9}.Debug|Any CPU.Build.0 = Debug|Any CPU
		{5EA70522-89B0-47F0-9B70-FED1404ADCA9}.Release|Any CPU.ActiveCfg = Release|Any CPU
		{5EA70522-89B0-47F0-9B70-FED1404ADCA9}.Release|Any CPU.Build.0 = Release|Any CPU
	EndGlobalSection
	GlobalSection(SolutionProperties) = preSolution
		HideSolutionNode = FALSE
	EndGlobalSection
	GlobalSection(NestedProjects) = preSolution
		{5EA70522-89B0-47F0-9B70-FED1404ADCA9} = {2EEA8B43-41CD-4D74-90BA-E1434AF40B12}
	EndGlobalSection
	GlobalSection(ExtensibilityGlobals) = postSolution
		SolutionGuid = {75274D0E-B7C7-4B62-A81D-A4BE07FBD915}
	EndGlobalSection
EndGlobal
